
Microsoft Visual Studio Solution File, Format Version 11.00
# Visual C# Express 2010
Project("{FAE04EC0-301F-11D3-BF4B-00C04F79EFBC}") = "TentLibrary", "TentLibrary\TentLibrary.csproj", "{17DC8CAF-A72C-4045-B5BA-18A40EB1800D}"
EndProject
Project("{FAE04EC0-301F-11D3-BF4B-00C04F79EFBC}") = "TentTestClient", "TentTestClient\TentTestClient.csproj", "{1E475CDF-35B3-4D30-8328-0B87BEA6ACD6}"
EndProject
Global
	GlobalSection(SolutionConfigurationPlatforms) = preSolution
		Debug|Any CPU = Debug|Any CPU
		Debug|Mixed Platforms = Debug|Mixed Platforms
		Debug|x86 = Debug|x86
		Release|Any CPU = Release|Any CPU
		Release|Mixed Platforms = Release|Mixed Platforms
		Release|x86 = Release|x86
	EndGlobalSection
	GlobalSection(ProjectConfigurationPlatforms) = postSolution
		{17DC8CAF-A72C-4045-B5BA-18A40EB1800D}.Debug|Any CPU.ActiveCfg = Debug|Any CPU
		{17DC8CAF-A72C-4045-B5BA-18A40EB1800D}.Debug|Any CPU.Build.0 = Debug|Any CPU
		{17DC8CAF-A72C-4045-B5BA-18A40EB1800D}.Debug|Mixed Platforms.ActiveCfg = Debug|Any CPU
		{17DC8CAF-A72C-4045-B5BA-18A40EB1800D}.Debug|Mixed Platforms.Build.0 = Debug|Any CPU
		{17DC8CAF-A72C-4045-B5BA-18A40EB1800D}.Debug|x86.ActiveCfg = Debug|Any CPU
		{17DC8CAF-A72C-4045-B5BA-18A40EB1800D}.Release|Any CPU.ActiveCfg = Release|Any CPU
		{17DC8CAF-A72C-4045-B5BA-18A40EB1800D}.Release|Any CPU.Build.0 = Release|Any CPU
		{17DC8CAF-A72C-4045-B5BA-18A40EB1800D}.Release|Mixed Platforms.ActiveCfg = Release|Any CPU
		{17DC8CAF-A72C-4045-B5BA-18A40EB1800D}.Release|Mixed Platforms.Build.0 = Release|Any CPU
		{17DC8CAF-A72C-4045-B5BA-18A40EB1800D}.Release|x86.ActiveCfg = Release|Any CPU
		{1E475CDF-35B3-4D30-8328-0B87BEA6ACD6}.Debug|Any CPU.ActiveCfg = Debug|x86
		{1E475CDF-35B3-4D30-8328-0B87BEA6ACD6}.Debug|Mixed Platforms.ActiveCfg = Debug|x86
		{1E475CDF-35B3-4D30-8328-0B87BEA6ACD6}.Debug|Mixed Platforms.Build.0 = Debug|x86
		{1E475CDF-35B3-4D30-8328-0B87BEA6ACD6}.Debug|x86.ActiveCfg = Debug|x86
		{1E475CDF-35B3-4D30-8328-0B87BEA6ACD6}.Debug|x86.Build.0 = Debug|x86
		{1E475CDF-35B3-4D30-8328-0B87BEA6ACD6}.Release|Any CPU.ActiveCfg = Release|x86
		{1E475CDF-35B3-4D30-8328-0B87BEA6ACD6}.Release|Mixed Platforms.ActiveCfg = Release|x86
		{1E475CDF-35B3-4D30-8328-0B87BEA6ACD6}.Release|Mixed Platforms.Build.0 = Release|x86
		{1E475CDF-35B3-4D30-8328-0B87BEA6ACD6}.Release|x86.ActiveCfg = Release|x86
		{1E475CDF-35B3-4D30-8328-0B87BEA6ACD6}.Release|x86.Build.0 = Release|x86
	EndGlobalSection
	GlobalSection(SolutionProperties) = preSolution
		HideSolutionNode = FALSE
	EndGlobalSection
EndGlobal
